
Microsoft Visual Studio Solution File, Format Version 12.00
# Visual Studio 15
VisualStudioVersion = 15.0.27130.2010
MinimumVisualStudioVersion = 10.0.40219.1
Project("{FAE04EC0-301F-11D3-BF4B-00C04F79EFBC}") = "CKEditorMVC", "CKEditorMVC\CKEditorMVC.csproj", "{65CC5F15-5597-488F-B42B-DD211FEF4706}"
EndProject
Global
	GlobalSection(SolutionConfigurationPlatforms) = preSolution
		Debug|Any CPU = Debug|Any CPU
		Release|Any CPU = Release|Any CPU
	EndGlobalSection
	GlobalSection(ProjectConfigurationPlatforms) = postSolution
		{65CC5F15-5597-488F-B42B-DD211FEF4706}.Debug|Any CPU.ActiveCfg = Debug|Any CPU
		{65CC5F15-5597-488F-B42B-DD211FEF4706}.Debug|Any CPU.Build.0 = Debug|Any CPU
		{65CC5F15-5597-488F-B42B-DD211FEF4706}.Release|Any CPU.ActiveCfg = Release|Any CPU
		{65CC5F15-5597-488F-B42B-DD211FEF4706}.Release|Any CPU.Build.0 = Release|Any CPU
	EndGlobalSection
	GlobalSection(SolutionProperties) = preSolution
		HideSolutionNode = FALSE
	EndGlobalSection
	GlobalSection(ExtensibilityGlobals) = postSolution
		SolutionGuid = {53CEA30C-9179-4DEF-9FEF-9FD10F877178}
	EndGlobalSection
EndGlobal
